
Microsoft Visual Studio Solution File, Format Version 12.00
# Visual Studio Version 17
VisualStudioVersion = 17.4.33122.133
MinimumVisualStudioVersion = 10.0.40219.1
Project("{FAE04EC0-301F-11D3-BF4B-00C04F79EFBC}") = "sampleProject", "sampleProject\sampleProject.csproj", "{6E614689-2414-4F1B-8330-0A73115BAC9B}"
EndProject
Global
	GlobalSection(SolutionConfigurationPlatforms) = preSolution
		Debug|Any CPU = Debug|Any CPU
		Release|Any CPU = Release|Any CPU
	EndGlobalSection
	GlobalSection(ProjectConfigurationPlatforms) = postSolution
		{6E614689-2414-4F1B-8330-0A73115BAC9B}.Debug|Any CPU.ActiveCfg = Debug|Any CPU
		{6E614689-2414-4F1B-8330-0A73115BAC9B}.Debug|Any CPU.Build.0 = Debug|Any CPU
		{6E614689-2414-4F1B-8330-0A73115BAC9B}.Release|Any CPU.ActiveCfg = Release|Any CPU
		{6E614689-2414-4F1B-8330-0A73115BAC9B}.Release|Any CPU.Build.0 = Release|Any CPU
	EndGlobalSection
	GlobalSection(SolutionProperties) = preSolution
		HideSolutionNode = FALSE
	EndGlobalSection
	GlobalSection(ExtensibilityGlobals) = postSolution
		SolutionGuid = {BCC7A8E8-A61E-49C9-AD00-F273C95ECC21}
	EndGlobalSection
EndGlobal
